// !$*UTF8*$!
{
	archiveVersion = 1;
	classes = {
	};
	objectVersion = 56;
	objects = {

/* Begin PBXBuildFile section */
		546F313A29C6377D00402770 /* SpringAnimation in Frameworks */ = {isa = PBXBuildFile; productRef = 546F313929C6377D00402770 /* SpringAnimation */; };
		546F313E29C6385800402770 /* DataManagerSpringApp.swift in Sources */ = {isa = PBXBuildFile; fileRef = 546F313D29C6385800402770 /* DataManagerSpringApp.swift */; };
		546F314029C638F100402770 /* AllAnimationInApp.swift in Sources */ = {isa = PBXBuildFile; fileRef = 546F313F29C638F100402770 /* AllAnimationInApp.swift */; };
		54B6083829C621A500F49577 /* AppDelegate.swift in Sources */ = {isa = PBXBuildFile; fileRef = 54B6083729C621A500F49577 /* AppDelegate.swift */; };
		54B6083A29C621A500F49577 /* SceneDelegate.swift in Sources */ = {isa = PBXBuildFile; fileRef = 54B6083929C621A500F49577 /* SceneDelegate.swift */; };
		54B6083C29C621A500F49577 /* SpringAnimationsMainViewController.swift in Sources */ = {isa = PBXBuildFile; fileRef = 54B6083B29C621A500F49577 /* SpringAnimationsMainViewController.swift */; };
		54B6083F29C621A500F49577 /* Main.storyboard in Resources */ = {isa = PBXBuildFile; fileRef = 54B6083D29C621A500F49577 /* Main.storyboard */; };
		54B6084129C621A700F49577 /* Assets.xcassets in Resources */ = {isa = PBXBuildFile; fileRef = 54B6084029C621A700F49577 /* Assets.xcassets */; };
		54B6084429C621A700F49577 /* LaunchScreen.storyboard in Resources */ = {isa = PBXBuildFile; fileRef = 54B6084229C621A700F49577 /* LaunchScreen.storyboard */; };
/* End PBXBuildFile section */

/* Begin PBXFileReference section */
		546F313D29C6385800402770 /* DataManagerSpringApp.swift */ = {isa = PBXFileReference; lastKnownFileType = sourcecode.swift; path = DataManagerSpringApp.swift; sourceTree = "<group>"; };
		546F313F29C638F100402770 /* AllAnimationInApp.swift */ = {isa = PBXFileReference; lastKnownFileType = sourcecode.swift; path = AllAnimationInApp.swift; sourceTree = "<group>"; };
		54B6083429C621A500F49577 /* Homework 3.1.app */ = {isa = PBXFileReference; explicitFileType = wrapper.application; includeInIndex = 0; path = "Homework 3.1.app"; sourceTree = BUILT_PRODUCTS_DIR; };
		54B6083729C621A500F49577 /* AppDelegate.swift */ = {isa = PBXFileReference; lastKnownFileType = sourcecode.swift; path = AppDelegate.swift; sourceTree = "<group>"; };
		54B6083929C621A500F49577 /* SceneDelegate.swift */ = {isa = PBXFileReference; lastKnownFileType = sourcecode.swift; path = SceneDelegate.swift; sourceTree = "<group>"; };
		54B6083B29C621A500F49577 /* SpringAnimationsMainViewController.swift */ = {isa = PBXFileReference; lastKnownFileType = sourcecode.swift; path = SpringAnimationsMainViewController.swift; sourceTree = "<group>"; };
		54B6083E29C621A500F49577 /* Base */ = {isa = PBXFileReference; lastKnownFileType = file.storyboard; name = Base; path = Base.lproj/Main.storyboard; sourceTree = "<group>"; };
		54B6084029C621A700F49577 /* Assets.xcassets */ = {isa = PBXFileReference; lastKnownFileType = folder.assetcatalog; path = Assets.xcassets; sourceTree = "<group>"; };
		54B6084329C621A700F49577 /* Base */ = {isa = PBXFileReference; lastKnownFileType = file.storyboard; name = Base; path = Base.lproj/LaunchScreen.storyboard; sourceTree = "<group>"; };
		54B6084529C621A700F49577 /* Info.plist */ = {isa = PBXFileReference; lastKnownFileType = text.plist.xml; path = Info.plist; sourceTree = "<group>"; };
/* End PBXFileReference section */

/* Begin PBXFrameworksBuildPhase section */
		54B6083129C621A500F49577 /* Frameworks */ = {
			isa = PBXFrameworksBuildPhase;
			buildActionMask = 2147483647;
			files = (
				546F313A29C6377D00402770 /* SpringAnimation in Frameworks */,
			);
			runOnlyForDeploymentPostprocessing = 0;
		};
/* End PBXFrameworksBuildPhase section */

/* Begin PBXGroup section */
		54B6082B29C621A500F49577 = {
			isa = PBXGroup;
			children = (
				54B6083629C621A500F49577 /* Homework 3.1 */,
				54B6083529C621A500F49577 /* Products */,
			);
			sourceTree = "<group>";
		};
		54B6083529C621A500F49577 /* Products */ = {
			isa = PBXGroup;
			children = (
				54B6083429C621A500F49577 /* Homework 3.1.app */,
			);
			name = Products;
			sourceTree = "<group>";
		};
		54B6083629C621A500F49577 /* Homework 3.1 */ = {
			isa = PBXGroup;
			children = (
				54B6083729C621A500F49577 /* AppDelegate.swift */,
				54B6083929C621A500F49577 /* SceneDelegate.swift */,
				546F313F29C638F100402770 /* AllAnimationInApp.swift */,
				546F313D29C6385800402770 /* DataManagerSpringApp.swift */,
				54B6083B29C621A500F49577 /* SpringAnimationsMainViewController.swift */,
				54B6083D29C621A500F49577 /* Main.storyboard */,
				54B6084229C621A700F49577 /* LaunchScreen.storyboard */,
				54B6084029C621A700F49577 /* Assets.xcassets */,
				54B6084529C621A700F49577 /* Info.plist */,
			);
			path = "Homework 3.1";
			sourceTree = "<group>";
		};
/* End PBXGroup section */

/* Begin PBXNativeTarget section */
		54B6083329C621A500F49577 /* Homework 3.1 */ = {
			isa = PBXNativeTarget;
			buildConfigurationList = 54B6084829C621A700F49577 /* Build configuration list for PBXNativeTarget "Homework 3.1" */;
			buildPhases = (
				54B6083029C621A500F49577 /* Sources */,
				54B6083129C621A500F49577 /* Frameworks */,
				54B6083229C621A500F49577 /* Resources */,
			);
			buildRules = (
			);
			dependencies = (
			);
			name = "Homework 3.1";
			packageProductDependencies = (
				546F313929C6377D00402770 /* SpringAnimation */,
			);
			productName = "Homework 3.1";
			productReference = 54B6083429C621A500F49577 /* Homework 3.1.app */;
			productType = "com.apple.product-type.application";
		};
/* End PBXNativeTarget section */

/* Begin PBXProject section */
		54B6082C29C621A500F49577 /* Project object */ = {
			isa = PBXProject;
			attributes = {
				BuildIndependentTargetsInParallel = 1;
				LastSwiftUpdateCheck = 1420;
				LastUpgradeCheck = 1420;
				TargetAttributes = {
					54B6083329C621A500F49577 = {
						CreatedOnToolsVersion = 14.2;
					};
				};
			};
			buildConfigurationList = 54B6082F29C621A500F49577 /* Build configuration list for PBXProject "Homework 3.1" */;
			compatibilityVersion = "Xcode 14.0";
			developmentRegion = en;
			hasScannedForEncodings = 0;
			knownRegions = (
				en,
				Base,
			);
			mainGroup = 54B6082B29C621A500F49577;
			packageReferences = (
				546F313829C6377D00402770 /* XCRemoteSwiftPackageReference "SpringAnimation" */,
			);
			productRefGroup = 54B6083529C621A500F49577 /* Products */;
			projectDirPath = "";
			projectRoot = "";
			targets = (
				54B6083329C621A500F49577 /* Homework 3.1 */,
			);
		};
/* End PBXProject section */

/* Begin PBXResourcesBuildPhase section */
		54B6083229C621A500F49577 /* Resources */ = {
			isa = PBXResourcesBuildPhase;
			buildActionMask = 2147483647;
			files = (
				54B6084429C621A700F49577 /* LaunchScreen.storyboard in Resources */,
				54B6084129C621A700F49577 /* Assets.xcassets in Resources */,
				54B6083F29C621A500F49577 /* Main.storyboard in Resources */,
			);
			runOnlyForDeploymentPostprocessing = 0;
		};
/* End PBXResourcesBuildPhase section */

/* Begin PBXSourcesBuildPhase section */
		54B6083029C621A500F49577 /* Sources */ = {
			isa = PBXSourcesBuildPhase;
			buildActionMask = 2147483647;
			files = (
				546F313E29C6385800402770 /* DataManagerSpringApp.swift in Sources */,
				546F314029C638F100402770 /* AllAnimationInApp.swift in Sources */,
				54B6083C29C621A500F49577 /* SpringAnimationsMainViewController.swift in Sources */,
				54B6083829C621A500F49577 /* AppDelegate.swift in Sources */,
				54B6083A29C621A500F49577 /* SceneDelegate.swift in Sources */,
			);
			runOnlyForDeploymentPostprocessing = 0;
		};
/* End PBXSourcesBuildPhase section */

/* Begin PBXVariantGroup section */
		54B6083D29C621A500F49577 /* Main.storyboard */ = {
			isa = PBXVariantGroup;
			children = (
				54B6083E29C621A500F49577 /* Base */,
			);
			name = Main.storyboard;
			sourceTree = "<group>";
		};
		54B6084229C621A700F49577 /* LaunchScreen.storyboard */ = {
			isa = PBXVariantGroup;
			children = (
				54B6084329C621A700F49577 /* Base */,
			);
			name = LaunchScreen.storyboard;
			sourceTree = "<group>";
		};
/* End PBXVariantGroup section */

/* Begin XCBuildConfiguration section */
		54B6084629C621A700F49577 /* Debug */ = {
			isa = XCBuildConfiguration;
			buildSettings = {
				ALWAYS_SEARCH_USER_PATHS = NO;
				CLANG_ANALYZER_NONNULL = YES;
				CLANG_ANALYZER_NUMBER_OBJECT_CONVERSION = YES_AGGRESSIVE;
				CLANG_CXX_LANGUAGE_STANDARD = "gnu++20";
				CLANG_ENABLE_MODULES = YES;
				CLANG_ENABLE_OBJC_ARC = YES;
				CLANG_ENABLE_OBJC_WEAK = YES;
				CLANG_WARN_BLOCK_CAPTURE_AUTORELEASING = YES;
				CLANG_WARN_BOOL_CONVERSION = YES;
				CLANG_WARN_COMMA = YES;
				CLANG_WARN_CONSTANT_CONVERSION = YES;
				CLANG_WARN_DEPRECATED_OBJC_IMPLEMENTATIONS = YES;
				CLANG_WARN_DIRECT_OBJC_ISA_USAGE = YES_ERROR;
				CLANG_WARN_DOCUMENTATION_COMMENTS = YES;
				CLANG_WARN_EMPTY_BODY = YES;
				CLANG_WARN_ENUM_CONVERSION = YES;
				CLANG_WARN_INFINITE_RECURSION = YES;
				CLANG_WARN_INT_CONVERSION = YES;
				CLANG_WARN_NON_LITERAL_NULL_CONVERSION = YES;
				CLANG_WARN_OBJC_IMPLICIT_RETAIN_SELF = YES;
				CLANG_WARN_OBJC_LITERAL_CONVERSION = YES;
				CLANG_WARN_OBJC_ROOT_CLASS = YES_ERROR;
				CLANG_WARN_QUOTED_INCLUDE_IN_FRAMEWORK_HEADER = YES;
				CLANG_WARN_RANGE_LOOP_ANALYSIS = YES;
				CLANG_WARN_STRICT_PROTOTYPES = YES;
				CLANG_WARN_SUSPICIOUS_MOVE = YES;
				CLANG_WARN_UNGUARDED_AVAILABILITY = YES_AGGRESSIVE;
				CLANG_WARN_UNREACHABLE_CODE = YES;
				CLANG_WARN__DUPLICATE_METHOD_MATCH = YES;
				COPY_PHASE_STRIP = NO;
				DEBUG_INFORMATION_FORMAT = dwarf;
				ENABLE_STRICT_OBJC_MSGSEND = YES;
				ENABLE_TESTABILITY = YES;
				GCC_C_LANGUAGE_STANDARD = gnu11;
				GCC_DYNAMIC_NO_PIC = NO;
				GCC_NO_COMMON_BLOCKS = YES;
				GCC_OPTIMIZATION_LEVEL = 0;
				GCC_PREPROCESSOR_DEFINITIONS = (
					"DEBUG=1",
					"$(inherited)",
				);
				GCC_WARN_64_TO_32_BIT_CONVERSION = YES;
				GCC_WARN_ABOUT_RETURN_TYPE = YES_ERROR;
				GCC_WARN_UNDECLARED_SELECTOR = YES;
				GCC_WARN_UNINITIALIZED_AUTOS = YES_AGGRESSIVE;
				GCC_WARN_UNUSED_FUNCTION = YES;
				GCC_WARN_UNUSED_VARIABLE = YES;
				IPHONEOS_DEPLOYMENT_TARGET = 16.2;
				MTL_ENABLE_DEBUG_INFO = INCLUDE_SOURCE;
				MTL_FAST_MATH = YES;
				ONLY_ACTIVE_ARCH = YES;
				SDKROOT = iphoneos;
				SWIFT_ACTIVE_COMPILATION_CONDITIONS = DEBUG;
				SWIFT_OPTIMIZATION_LEVEL = "-Onone";
			};
			name = Debug;
		};
		54B6084729C621A700F49577 /* Release */ = {
			isa = XCBuildConfiguration;
			buildSettings = {
				ALWAYS_SEARCH_USER_PATHS = NO;
				CLANG_ANALYZER_NONNULL = YES;
				CLANG_ANALYZER_NUMBER_OBJECT_CONVERSION = YES_AGGRESSIVE;
				CLANG_CXX_LANGUAGE_STANDARD = "gnu++20";
				CLANG_ENABLE_MODULES = YES;
				CLANG_ENABLE_OBJC_ARC = YES;
				CLANG_ENABLE_OBJC_WEAK = YES;
				CLANG_WARN_BLOCK_CAPTURE_AUTORELEASING = YES;
				CLANG_WARN_BOOL_CONVERSION = YES;
				CLANG_WARN_COMMA = YES;
				CLANG_WARN_CONSTANT_CONVERSION = YES;
				CLANG_WARN_DEPRECATED_OBJC_IMPLEMENTATIONS = YES;
				CLANG_WARN_DIRECT_OBJC_ISA_USAGE = YES_ERROR;
				CLANG_WARN_DOCUMENTATION_COMMENTS = YES;
				CLANG_WARN_EMPTY_BODY = YES;
				CLANG_WARN_ENUM_CONVERSION = YES;
				CLANG_WARN_INFINITE_RECURSION = YES;
				CLANG_WARN_INT_CONVERSION = YES;
				CLANG_WARN_NON_LITERAL_NULL_CONVERSION = YES;
				CLANG_WARN_OBJC_IMPLICIT_RETAIN_SELF = YES;
				CLANG_WARN_OBJC_LITERAL_CONVERSION = YES;
				CLANG_WARN_OBJC_ROOT_CLASS = YES_ERROR;
				CLANG_WARN_QUOTED_INCLUDE_IN_FRAMEWORK_HEADER = YES;
				CLANG_WARN_RANGE_LOOP_ANALYSIS = YES;
				CLANG_WARN_STRICT_PROTOTYPES = YES;
				CLANG_WARN_SUSPICIOUS_MOVE = YES;
				CLANG_WARN_UNGUARDED_AVAILABILITY = YES_AGGRESSIVE;
				CLANG_WARN_UNREACHABLE_CODE = YES;
				CLANG_WARN__DUPLICATE_METHOD_MATCH = YES;
				COPY_PHASE_STRIP = NO;
				DEBUG_INFORMATION_FORMAT = "dwarf-with-dsym";
				ENABLE_NS_ASSERTIONS = NO;
				ENABLE_STRICT_OBJC_MSGSEND = YES;
				GCC_C_LANGUAGE_STANDARD = gnu11;
				GCC_NO_COMMON_BLOCKS = YES;
				GCC_WARN_64_TO_32_BIT_CONVERSION = YES;
				GCC_WARN_ABOUT_RETURN_TYPE = YES_ERROR;
				GCC_WARN_UNDECLARED_SELECTOR = YES;
				GCC_WARN_UNINITIALIZED_AUTOS = YES_AGGRESSIVE;
				GCC_WARN_UNUSED_FUNCTION = YES;
				GCC_WARN_UNUSED_VARIABLE = YES;
				IPHONEOS_DEPLOYMENT_TARGET = 16.2;
				MTL_ENABLE_DEBUG_INFO = NO;
				MTL_FAST_MATH = YES;
				SDKROOT = iphoneos;
				SWIFT_COMPILATION_MODE = wholemodule;
				SWIFT_OPTIMIZATION_LEVEL = "-O";
				VALIDATE_PRODUCT = YES;
			};
			name = Release;
		};
		54B6084929C621A700F49577 /* Debug */ = {
			isa = XCBuildConfiguration;
			buildSettings = {
				ASSETCATALOG_COMPILER_APPICON_NAME = AppIcon;
				ASSETCATALOG_COMPILER_GLOBAL_ACCENT_COLOR_NAME = AccentColor;
				CODE_SIGN_STYLE = Automatic;
				CURRENT_PROJECT_VERSION = 1;
				DEVELOPMENT_TEAM = F8CXZAAT6B;
				GENERATE_INFOPLIST_FILE = YES;
				INFOPLIST_FILE = "Homework 3.1/Info.plist";
				INFOPLIST_KEY_UIApplicationSupportsIndirectInputEvents = YES;
				INFOPLIST_KEY_UILaunchStoryboardName = LaunchScreen;
				INFOPLIST_KEY_UIMainStoryboardFile = Main;
				INFOPLIST_KEY_UISupportedInterfaceOrientations = UIInterfaceOrientationPortrait;
				INFOPLIST_KEY_UISupportedInterfaceOrientations_iPad = "UIInterfaceOrientationLandscapeLeft UIInterfaceOrientationLandscapeRight UIInterfaceOrientationPortrait UIInterfaceOrientationPortraitUpsideDown";
				LD_RUNPATH_SEARCH_PATHS = (
					"$(inherited)",
					"@executable_path/Frameworks",
				);
				MARKETING_VERSION = 1.0;
				PRODUCT_BUNDLE_IDENTIFIER = "ru.swiftbook.Homework-3-1";
				PRODUCT_NAME = "$(TARGET_NAME)";
				SUPPORTED_PLATFORMS = "iphoneos iphonesimulator";
				SUPPORTS_MACCATALYST = NO;
				SUPPORTS_MAC_DESIGNED_FOR_IPHONE_IPAD = NO;
				SWIFT_EMIT_LOC_STRINGS = YES;
				SWIFT_VERSION = 5.0;
				TARGETED_DEVICE_FAMILY = 1;
			};
			name = Debug;
		};
		54B6084A29C621A700F49577 /* Release */ = {
			isa = XCBuildConfiguration;
			buildSettings = {
				ASSETCATALOG_COMPILER_APPICON_NAME = AppIcon;
				ASSETCATALOG_COMPILER_GLOBAL_ACCENT_COLOR_NAME = AccentColor;
				CODE_SIGN_STYLE = Automatic;
				CURRENT_PROJECT_VERSION = 1;
				DEVELOPMENT_TEAM = F8CXZAAT6B;
				GENERATE_INFOPLIST_FILE = YES;
				INFOPLIST_FILE = "Homework 3.1/Info.plist";
				INFOPLIST_KEY_UIApplicationSupportsIndirectInputEvents = YES;
				INFOPLIST_KEY_UILaunchStoryboardName = LaunchScreen;
				INFOPLIST_KEY_UIMainStoryboardFile = Main;
				INFOPLIST_KEY_UISupportedInterfaceOrientations = UIInterfaceOrientationPortrait;
				INFOPLIST_KEY_UISupportedInterfaceOrientations_iPad = "UIInterfaceOrientationLandscapeLeft UIInterfaceOrientationLandscapeRight UIInterfaceOrientationPortrait UIInterfaceOrientationPortraitUpsideDown";
				LD_RUNPATH_SEARCH_PATHS = (
					"$(inherited)",
					"@executable_path/Frameworks",
				);
				MARKETING_VERSION = 1.0;
				PRODUCT_BUNDLE_IDENTIFIER = "ru.swiftbook.Homework-3-1";
				PRODUCT_NAME = "$(TARGET_NAME)";
				SUPPORTED_PLATFORMS = "iphoneos iphonesimulator";
				SUPPORTS_MACCATALYST = NO;
				SUPPORTS_MAC_DESIGNED_FOR_IPHONE_IPAD = NO;
				SWIFT_EMIT_LOC_STRINGS = YES;
				SWIFT_VERSION = 5.0;
				TARGETED_DEVICE_FAMILY = 1;
			};
			name = Release;
		};
/* End XCBuildConfiguration section */

/* Begin XCConfigurationList section */
		54B6082F29C621A500F49577 /* Build configuration list for PBXProject "Homework 3.1" */ = {
			isa = XCConfigurationList;
			buildConfigurations = (
				54B6084629C621A700F49577 /* Debug */,
				54B6084729C621A700F49577 /* Release */,
			);
			defaultConfigurationIsVisible = 0;
			defaultConfigurationName = Release;
		};
		54B6084829C621A700F49577 /* Build configuration list for PBXNativeTarget "Homework 3.1" */ = {
			isa = XCConfigurationList;
			buildConfigurations = (
				54B6084929C621A700F49577 /* Debug */,
				54B6084A29C621A700F49577 /* Release */,
			);
			defaultConfigurationIsVisible = 0;
			defaultConfigurationName = Release;
		};
/* End XCConfigurationList section */

/* Begin XCRemoteSwiftPackageReference section */
		546F313829C6377D00402770 /* XCRemoteSwiftPackageReference "SpringAnimation" */ = {
			isa = XCRemoteSwiftPackageReference;
			repositoryURL = "https://github.com/LexDeBash/SpringAnimation.git";
			requirement = {
				kind = upToNextMinorVersion;
				minimumVersion = 0.3.0;
			};
		};
/* End XCRemoteSwiftPackageReference section */

/* Begin XCSwiftPackageProductDependency section */
		546F313929C6377D00402770 /* SpringAnimation */ = {
			isa = XCSwiftPackageProductDependency;
			package = 546F313829C6377D00402770 /* XCRemoteSwiftPackageReference "SpringAnimation" */;
			productName = SpringAnimation;
		};
/* End XCSwiftPackageProductDependency section */
	};
	rootObject = 54B6082C29C621A500F49577 /* Project object */;
}
